// !$*UTF8*$!
{
	archiveVersion = 1;
	classes = {
	};
	objectVersion = 46;
	objects = {

/* Begin PBXBuildFile section */
		523F52261D44F80600BC6DDB /* AppDelegate.swift in Sources */ = {isa = PBXBuildFile; fileRef = 523F52251D44F80600BC6DDB /* AppDelegate.swift */; };
		523F52281D44F80600BC6DDB /* ViewController.swift in Sources */ = {isa = PBXBuildFile; fileRef = 523F52271D44F80600BC6DDB /* ViewController.swift */; };
		523F522B1D44F80600BC6DDB /* Main.storyboard in Resources */ = {isa = PBXBuildFile; fileRef = 523F52291D44F80600BC6DDB /* Main.storyboard */; };
		523F522E1D44F80600BC6DDB /* recipes_core_data.xcdatamodeld in Sources */ = {isa = PBXBuildFile; fileRef = 523F522C1D44F80600BC6DDB /* recipes_core_data.xcdatamodeld */; };
		523F52301D44F80600BC6DDB /* Assets.xcassets in Resources */ = {isa = PBXBuildFile; fileRef = 523F522F1D44F80600BC6DDB /* Assets.xcassets */; };
		523F52331D44F80600BC6DDB /* LaunchScreen.storyboard in Resources */ = {isa = PBXBuildFile; fileRef = 523F52311D44F80600BC6DDB /* LaunchScreen.storyboard */; };
		523F523F1D44FDA000BC6DDB /* Recipe+CoreDataProperties.swift in Sources */ = {isa = PBXBuildFile; fileRef = 523F523D1D44FDA000BC6DDB /* Recipe+CoreDataProperties.swift */; };
		523F52401D44FDA000BC6DDB /* Recipe.swift in Sources */ = {isa = PBXBuildFile; fileRef = 523F523E1D44FDA000BC6DDB /* Recipe.swift */; };
		523F52421D44FF3400BC6DDB /* RecipeCell.swift in Sources */ = {isa = PBXBuildFile; fileRef = 523F52411D44FF3400BC6DDB /* RecipeCell.swift */; };
		523F52441D45044B00BC6DDB /* CreateRecipeVC.swift in Sources */ = {isa = PBXBuildFile; fileRef = 523F52431D45044B00BC6DDB /* CreateRecipeVC.swift */; };
/* End PBXBuildFile section */

/* Begin PBXFileReference section */
		523F52221D44F80600BC6DDB /* recipes-core-data.app */ = {isa = PBXFileReference; explicitFileType = wrapper.application; includeInIndex = 0; path = "recipes-core-data.app"; sourceTree = BUILT_PRODUCTS_DIR; };
		523F52251D44F80600BC6DDB /* AppDelegate.swift */ = {isa = PBXFileReference; lastKnownFileType = sourcecode.swift; path = AppDelegate.swift; sourceTree = "<group>"; };
		523F52271D44F80600BC6DDB /* ViewController.swift */ = {isa = PBXFileReference; lastKnownFileType = sourcecode.swift; path = ViewController.swift; sourceTree = "<group>"; };
		523F522A1D44F80600BC6DDB /* Base */ = {isa = PBXFileReference; lastKnownFileType = file.storyboard; name = Base; path = Base.lproj/Main.storyboard; sourceTree = "<group>"; };
		523F522D1D44F80600BC6DDB /* recipes_core_data.xcdatamodel */ = {isa = PBXFileReference; lastKnownFileType = wrapper.xcdatamodel; path = recipes_core_data.xcdatamodel; sourceTree = "<group>"; };
		523F522F1D44F80600BC6DDB /* Assets.xcassets */ = {isa = PBXFileReference; lastKnownFileType = folder.assetcatalog; path = Assets.xcassets; sourceTree = "<group>"; };
		523F52321D44F80600BC6DDB /* Base */ = {isa = PBXFileReference; lastKnownFileType = file.storyboard; name = Base; path = Base.lproj/LaunchScreen.storyboard; sourceTree = "<group>"; };
		523F52341D44F80600BC6DDB /* Info.plist */ = {isa = PBXFileReference; lastKnownFileType = text.plist.xml; path = Info.plist; sourceTree = "<group>"; };
		523F523D1D44FDA000BC6DDB /* Recipe+CoreDataProperties.swift */ = {isa = PBXFileReference; fileEncoding = 4; lastKnownFileType = sourcecode.swift; name = "Recipe+CoreDataProperties.swift"; path = "../Recipe+CoreDataProperties.swift"; sourceTree = "<group>"; };
		523F523E1D44FDA000BC6DDB /* Recipe.swift */ = {isa = PBXFileReference; fileEncoding = 4; lastKnownFileType = sourcecode.swift; name = Recipe.swift; path = ../Recipe.swift; sourceTree = "<group>"; };
		523F52411D44FF3400BC6DDB /* RecipeCell.swift */ = {isa = PBXFileReference; fileEncoding = 4; lastKnownFileType = sourcecode.swift; path = RecipeCell.swift; sourceTree = "<group>"; };
		523F52431D45044B00BC6DDB /* CreateRecipeVC.swift */ = {isa = PBXFileReference; fileEncoding = 4; lastKnownFileType = sourcecode.swift; path = CreateRecipeVC.swift; sourceTree = "<group>"; };
/* End PBXFileReference section */

/* Begin PBXFrameworksBuildPhase section */
		523F521F1D44F80600BC6DDB /* Frameworks */ = {
			isa = PBXFrameworksBuildPhase;
			buildActionMask = 2147483647;
			files = (
			);
			runOnlyForDeploymentPostprocessing = 0;
		};
/* End PBXFrameworksBuildPhase section */

/* Begin PBXGroup section */
		523F52191D44F80600BC6DDB = {
			isa = PBXGroup;
			children = (
				523F52241D44F80600BC6DDB /* recipes-core-data */,
				523F52231D44F80600BC6DDB /* Products */,
			);
			sourceTree = "<group>";
		};
		523F52231D44F80600BC6DDB /* Products */ = {
			isa = PBXGroup;
			children = (
				523F52221D44F80600BC6DDB /* recipes-core-data.app */,
			);
			name = Products;
			sourceTree = "<group>";
		};
		523F52241D44F80600BC6DDB /* recipes-core-data */ = {
			isa = PBXGroup;
			children = (
				523F523C1D44FD5E00BC6DDB /* Controller */,
				523F523B1D44FD5A00BC6DDB /* View */,
				523F523A1D44FD5300BC6DDB /* Model */,
				523F52251D44F80600BC6DDB /* AppDelegate.swift */,
				523F52291D44F80600BC6DDB /* Main.storyboard */,
				523F522F1D44F80600BC6DDB /* Assets.xcassets */,
				523F52311D44F80600BC6DDB /* LaunchScreen.storyboard */,
				523F52341D44F80600BC6DDB /* Info.plist */,
				523F522C1D44F80600BC6DDB /* recipes_core_data.xcdatamodeld */,
			);
			path = "recipes-core-data";
			sourceTree = "<group>";
		};
		523F523A1D44FD5300BC6DDB /* Model */ = {
			isa = PBXGroup;
			children = (
				523F523D1D44FDA000BC6DDB /* Recipe+CoreDataProperties.swift */,
				523F523E1D44FDA000BC6DDB /* Recipe.swift */,
			);
			name = Model;
			sourceTree = "<group>";
		};
		523F523B1D44FD5A00BC6DDB /* View */ = {
			isa = PBXGroup;
			children = (
				523F52411D44FF3400BC6DDB /* RecipeCell.swift */,
			);
			name = View;
			sourceTree = "<group>";
		};
		523F523C1D44FD5E00BC6DDB /* Controller */ = {
			isa = PBXGroup;
			children = (
				523F52271D44F80600BC6DDB /* ViewController.swift */,
				523F52431D45044B00BC6DDB /* CreateRecipeVC.swift */,
			);
			name = Controller;
			sourceTree = "<group>";
		};
/* End PBXGroup section */

/* Begin PBXNativeTarget section */
		523F52211D44F80600BC6DDB /* recipes-core-data */ = {
			isa = PBXNativeTarget;
			buildConfigurationList = 523F52371D44F80600BC6DDB /* Build configuration list for PBXNativeTarget "recipes-core-data" */;
			buildPhases = (
				523F521E1D44F80600BC6DDB /* Sources */,
				523F521F1D44F80600BC6DDB /* Frameworks */,
				523F52201D44F80600BC6DDB /* Resources */,
			);
			buildRules = (
			);
			dependencies = (
			);
			name = "recipes-core-data";
			productName = "recipes-core-data";
			productReference = 523F52221D44F80600BC6DDB /* recipes-core-data.app */;
			productType = "com.apple.product-type.application";
		};
/* End PBXNativeTarget section */

/* Begin PBXProject section */
		523F521A1D44F80600BC6DDB /* Project object */ = {
			isa = PBXProject;
			attributes = {
				LastSwiftUpdateCheck = 0730;
				LastUpgradeCheck = 0730;
				ORGANIZATIONNAME = "Eric Walters";
				TargetAttributes = {
					523F52211D44F80600BC6DDB = {
						CreatedOnToolsVersion = 7.3;
						DevelopmentTeam = 9RCEQ78UDF;
					};
				};
			};
			buildConfigurationList = 523F521D1D44F80600BC6DDB /* Build configuration list for PBXProject "recipes-core-data" */;
			compatibilityVersion = "Xcode 3.2";
			developmentRegion = English;
			hasScannedForEncodings = 0;
			knownRegions = (
				en,
				Base,
			);
			mainGroup = 523F52191D44F80600BC6DDB;
			productRefGroup = 523F52231D44F80600BC6DDB /* Products */;
			projectDirPath = "";
			projectRoot = "";
			targets = (
				523F52211D44F80600BC6DDB /* recipes-core-data */,
			);
		};
/* End PBXProject section */

/* Begin PBXResourcesBuildPhase section */
		523F52201D44F80600BC6DDB /* Resources */ = {
			isa = PBXResourcesBuildPhase;
			buildActionMask = 2147483647;
			files = (
				523F52331D44F80600BC6DDB /* LaunchScreen.storyboard in Resources */,
				523F52301D44F80600BC6DDB /* Assets.xcassets in Resources */,
				523F522B1D44F80600BC6DDB /* Main.storyboard in Resources */,
			);
			runOnlyForDeploymentPostprocessing = 0;
		};
/* End PBXResourcesBuildPhase section */

/* Begin PBXSourcesBuildPhase section */
		523F521E1D44F80600BC6DDB /* Sources */ = {
			isa = PBXSourcesBuildPhase;
			buildActionMask = 2147483647;
			files = (
				523F522E1D44F80600BC6DDB /* recipes_core_data.xcdatamodeld in Sources */,
				523F523F1D44FDA000BC6DDB /* Recipe+CoreDataProperties.swift in Sources */,
				523F52281D44F80600BC6DDB /* ViewController.swift in Sources */,
				523F52421D44FF3400BC6DDB /* RecipeCell.swift in Sources */,
				523F52441D45044B00BC6DDB /* CreateRecipeVC.swift in Sources */,
				523F52261D44F80600BC6DDB /* AppDelegate.swift in Sources */,
				523F52401D44FDA000BC6DDB /* Recipe.swift in Sources */,
			);
			runOnlyForDeploymentPostprocessing = 0;
		};
/* End PBXSourcesBuildPhase section */

/* Begin PBXVariantGroup section */
		523F52291D44F80600BC6DDB /* Main.storyboard */ = {
			isa = PBXVariantGroup;
			children = (
				523F522A1D44F80600BC6DDB /* Base */,
			);
			name = Main.storyboard;
			sourceTree = "<group>";
		};
		523F52311D44F80600BC6DDB /* LaunchScreen.storyboard */ = {
			isa = PBXVariantGroup;
			children = (
				523F52321D44F80600BC6DDB /* Base */,
			);
			name = LaunchScreen.storyboard;
			sourceTree = "<group>";
		};
/* End PBXVariantGroup section */

/* Begin XCBuildConfiguration section */
		523F52351D44F80600BC6DDB /* Debug */ = {
			isa = XCBuildConfiguration;
			buildSettings = {
				ALWAYS_SEARCH_USER_PATHS = NO;
				CLANG_ANALYZER_NONNULL = YES;
				CLANG_CXX_LANGUAGE_STANDARD = "gnu++0x";
				CLANG_CXX_LIBRARY = "libc++";
				CLANG_ENABLE_MODULES = YES;
				CLANG_ENABLE_OBJC_ARC = YES;
				CLANG_WARN_BOOL_CONVERSION = YES;
				CLANG_WARN_CONSTANT_CONVERSION = YES;
				CLANG_WARN_DIRECT_OBJC_ISA_USAGE = YES_ERROR;
				CLANG_WARN_EMPTY_BODY = YES;
				CLANG_WARN_ENUM_CONVERSION = YES;
				CLANG_WARN_INT_CONVERSION = YES;
				CLANG_WARN_OBJC_ROOT_CLASS = YES_ERROR;
				CLANG_WARN_UNREACHABLE_CODE = YES;
				CLANG_WARN__DUPLICATE_METHOD_MATCH = YES;
				"CODE_SIGN_IDENTITY[sdk=iphoneos*]" = "iPhone Developer";
				COPY_PHASE_STRIP = NO;
				DEBUG_INFORMATION_FORMAT = dwarf;
				ENABLE_STRICT_OBJC_MSGSEND = YES;
				ENABLE_TESTABILITY = YES;
				GCC_C_LANGUAGE_STANDARD = gnu99;
				GCC_DYNAMIC_NO_PIC = NO;
				GCC_NO_COMMON_BLOCKS = YES;
				GCC_OPTIMIZATION_LEVEL = 0;
				GCC_PREPROCESSOR_DEFINITIONS = (
					"DEBUG=1",
					"$(inherited)",
				);
				GCC_WARN_64_TO_32_BIT_CONVERSION = YES;
				GCC_WARN_ABOUT_RETURN_TYPE = YES_ERROR;
				GCC_WARN_UNDECLARED_SELECTOR = YES;
				GCC_WARN_UNINITIALIZED_AUTOS = YES_AGGRESSIVE;
				GCC_WARN_UNUSED_FUNCTION = YES;
				GCC_WARN_UNUSED_VARIABLE = YES;
				IPHONEOS_DEPLOYMENT_TARGET = 9.3;
				MTL_ENABLE_DEBUG_INFO = YES;
				ONLY_ACTIVE_ARCH = YES;
				SDKROOT = iphoneos;
				SWIFT_OPTIMIZATION_LEVEL = "-Onone";
				TARGETED_DEVICE_FAMILY = "1,2";
			};
			name = Debug;
		};
		523F52361D44F80600BC6DDB /* Release */ = {
			isa = XCBuildConfiguration;
			buildSettings = {
				ALWAYS_SEARCH_USER_PATHS = NO;
				CLANG_ANALYZER_NONNULL = YES;
				CLANG_CXX_LANGUAGE_STANDARD = "gnu++0x";
				CLANG_CXX_LIBRARY = "libc++";
				CLANG_ENABLE_MODULES = YES;
				CLANG_ENABLE_OBJC_ARC = YES;
				CLANG_WARN_BOOL_CONVERSION = YES;
				CLANG_WARN_CONSTANT_CONVERSION = YES;
				CLANG_WARN_DIRECT_OBJC_ISA_USAGE = YES_ERROR;
				CLANG_WARN_EMPTY_BODY = YES;
				CLANG_WARN_ENUM_CONVERSION = YES;
				CLANG_WARN_INT_CONVERSION = YES;
				CLANG_WARN_OBJC_ROOT_CLASS = YES_ERROR;
				CLANG_WARN_UNREACHABLE_CODE = YES;
				CLANG_WARN__DUPLICATE_METHOD_MATCH = YES;
				"CODE_SIGN_IDENTITY[sdk=iphoneos*]" = "iPhone Developer";
				COPY_PHASE_STRIP = NO;
				DEBUG_INFORMATION_FORMAT = "dwarf-with-dsym";
				ENABLE_NS_ASSERTIONS = NO;
				ENABLE_STRICT_OBJC_MSGSEND = YES;
				GCC_C_LANGUAGE_STANDARD = gnu99;
				GCC_NO_COMMON_BLOCKS = YES;
				GCC_WARN_64_TO_32_BIT_CONVERSION = YES;
				GCC_WARN_ABOUT_RETURN_TYPE = YES_ERROR;
				GCC_WARN_UNDECLARED_SELECTOR = YES;
				GCC_WARN_UNINITIALIZED_AUTOS = YES_AGGRESSIVE;
				GCC_WARN_UNUSED_FUNCTION = YES;
				GCC_WARN_UNUSED_VARIABLE = YES;
				IPHONEOS_DEPLOYMENT_TARGET = 9.3;
				MTL_ENABLE_DEBUG_INFO = NO;
				SDKROOT = iphoneos;
				TARGETED_DEVICE_FAMILY = "1,2";
				VALIDATE_PRODUCT = YES;
			};
			name = Release;
		};
		523F52381D44F80600BC6DDB /* Debug */ = {
			isa = XCBuildConfiguration;
			buildSettings = {
				ASSETCATALOG_COMPILER_APPICON_NAME = AppIcon;
				CODE_SIGN_IDENTITY = "iPhone Developer";
				"CODE_SIGN_IDENTITY[sdk=iphoneos*]" = "iPhone Developer";
				INFOPLIST_FILE = "recipes-core-data/Info.plist";
				LD_RUNPATH_SEARCH_PATHS = "$(inherited) @executable_path/Frameworks";
				PRODUCT_BUNDLE_IDENTIFIER = "ejw.recipes-core-data";
				PRODUCT_NAME = "$(TARGET_NAME)";
				PROVISIONING_PROFILE = "";
			};
			name = Debug;
		};
		523F52391D44F80600BC6DDB /* Release */ = {
			isa = XCBuildConfiguration;
			buildSettings = {
				ASSETCATALOG_COMPILER_APPICON_NAME = AppIcon;
				CODE_SIGN_IDENTITY = "iPhone Developer";
				"CODE_SIGN_IDENTITY[sdk=iphoneos*]" = "iPhone Developer";
				INFOPLIST_FILE = "recipes-core-data/Info.plist";
				LD_RUNPATH_SEARCH_PATHS = "$(inherited) @executable_path/Frameworks";
				PRODUCT_BUNDLE_IDENTIFIER = "ejw.recipes-core-data";
				PRODUCT_NAME = "$(TARGET_NAME)";
				PROVISIONING_PROFILE = "";
			};
			name = Release;
		};
/* End XCBuildConfiguration section */

/* Begin XCConfigurationList section */
		523F521D1D44F80600BC6DDB /* Build configuration list for PBXProject "recipes-core-data" */ = {
			isa = XCConfigurationList;
			buildConfigurations = (
				523F52351D44F80600BC6DDB /* Debug */,
				523F52361D44F80600BC6DDB /* Release */,
			);
			defaultConfigurationIsVisible = 0;
			defaultConfigurationName = Release;
		};
		523F52371D44F80600BC6DDB /* Build configuration list for PBXNativeTarget "recipes-core-data" */ = {
			isa = XCConfigurationList;
			buildConfigurations = (
				523F52381D44F80600BC6DDB /* Debug */,
				523F52391D44F80600BC6DDB /* Release */,
			);
			defaultConfigurationIsVisible = 0;
			defaultConfigurationName = Release;
		};
/* End XCConfigurationList section */

/* Begin XCVersionGroup section */
		523F522C1D44F80600BC6DDB /* recipes_core_data.xcdatamodeld */ = {
			isa = XCVersionGroup;
			children = (
				523F522D1D44F80600BC6DDB /* recipes_core_data.xcdatamodel */,
			);
			currentVersion = 523F522D1D44F80600BC6DDB /* recipes_core_data.xcdatamodel */;
			path = recipes_core_data.xcdatamodeld;
			sourceTree = "<group>";
			versionGroupType = wrapper.xcdatamodel;
		};
/* End XCVersionGroup section */
	};
	rootObject = 523F521A1D44F80600BC6DDB /* Project object */;
}
